
Microsoft Visual Studio Solution File, Format Version 12.00
# Visual Studio Version 17
VisualStudioVersion = 17.14.36401.2 d17.14
MinimumVisualStudioVersion = 10.0.40219.1
Project("{FAE04EC0-301F-11D3-BF4B-00C04F79EFBC}") = "excel-clicker", "excel-clicker\excel-clicker.csproj", "{84ADD1AA-84E2-4DBF-9B92-1495596AF3D7}"
EndProject
Global
	GlobalSection(SolutionConfigurationPlatforms) = preSolution
		Debug|Any CPU = Debug|Any CPU
		Release|Any CPU = Release|Any CPU
	EndGlobalSection
	GlobalSection(ProjectConfigurationPlatforms) = postSolution
		{84ADD1AA-84E2-4DBF-9B92-1495596AF3D7}.Debug|Any CPU.ActiveCfg = Debug|Any CPU
		{84ADD1AA-84E2-4DBF-9B92-1495596AF3D7}.Debug|Any CPU.Build.0 = Debug|Any CPU
		{84ADD1AA-84E2-4DBF-9B92-1495596AF3D7}.Release|Any CPU.ActiveCfg = Release|Any CPU
		{84ADD1AA-84E2-4DBF-9B92-1495596AF3D7}.Release|Any CPU.Build.0 = Release|Any CPU
	EndGlobalSection
	GlobalSection(SolutionProperties) = preSolution
		HideSolutionNode = FALSE
	EndGlobalSection
	GlobalSection(ExtensibilityGlobals) = postSolution
		SolutionGuid = {BBEA93E7-8C5C-4EC1-9284-D77FA407E395}
	EndGlobalSection
EndGlobal
